
Microsoft Visual Studio Solution File, Format Version 12.00
# Visual Studio 14
VisualStudioVersion = 14.0.25420.1
MinimumVisualStudioVersion = 10.0.40219.1
Project("{FAE04EC0-301F-11D3-BF4B-00C04F79EFBC}") = "BudgetWebservice", "BudgetWebservice\BudgetWebservice.csproj", "{3A79545F-2F4A-4C35-B6ED-36256651879F}"
EndProject
Project("{FAE04EC0-301F-11D3-BF4B-00C04F79EFBC}") = "BudgetMVVM", "BudgetMVVM\BudgetMVVM.csproj", "{4F474253-8FF9-4DC2-AD36-A039C03872AB}"
EndProject
Global
	GlobalSection(SolutionConfigurationPlatforms) = preSolution
		Debug|Any CPU = Debug|Any CPU
		Debug|ARM = Debug|ARM
		Debug|x64 = Debug|x64
		Debug|x86 = Debug|x86
		Release|Any CPU = Release|Any CPU
		Release|ARM = Release|ARM
		Release|x64 = Release|x64
		Release|x86 = Release|x86
	EndGlobalSection
	GlobalSection(ProjectConfigurationPlatforms) = postSolution
		{3A79545F-2F4A-4C35-B6ED-36256651879F}.Debug|Any CPU.ActiveCfg = Debug|Any CPU
		{3A79545F-2F4A-4C35-B6ED-36256651879F}.Debug|Any CPU.Build.0 = Debug|Any CPU
		{3A79545F-2F4A-4C35-B6ED-36256651879F}.Debug|ARM.ActiveCfg = Debug|Any CPU
		{3A79545F-2F4A-4C35-B6ED-36256651879F}.Debug|ARM.Build.0 = Debug|Any CPU
		{3A79545F-2F4A-4C35-B6ED-36256651879F}.Debug|x64.ActiveCfg = Debug|Any CPU
		{3A79545F-2F4A-4C35-B6ED-36256651879F}.Debug|x64.Build.0 = Debug|Any CPU
		{3A79545F-2F4A-4C35-B6ED-36256651879F}.Debug|x86.ActiveCfg = Debug|Any CPU
		{3A79545F-2F4A-4C35-B6ED-36256651879F}.Debug|x86.Build.0 = Debug|Any CPU
		{3A79545F-2F4A-4C35-B6ED-36256651879F}.Release|Any CPU.ActiveCfg = Release|Any CPU
		{3A79545F-2F4A-4C35-B6ED-36256651879F}.Release|Any CPU.Build.0 = Release|Any CPU
		{3A79545F-2F4A-4C35-B6ED-36256651879F}.Release|ARM.ActiveCfg = Release|Any CPU
		{3A79545F-2F4A-4C35-B6ED-36256651879F}.Release|ARM.Build.0 = Release|Any CPU
		{3A79545F-2F4A-4C35-B6ED-36256651879F}.Release|x64.ActiveCfg = Release|Any CPU
		{3A79545F-2F4A-4C35-B6ED-36256651879F}.Release|x64.Build.0 = Release|Any CPU
		{3A79545F-2F4A-4C35-B6ED-36256651879F}.Release|x86.ActiveCfg = Release|Any CPU
		{3A79545F-2F4A-4C35-B6ED-36256651879F}.Release|x86.Build.0 = Release|Any CPU
		{4F474253-8FF9-4DC2-AD36-A039C03872AB}.Debug|Any CPU.ActiveCfg = Debug|x86
		{4F474253-8FF9-4DC2-AD36-A039C03872AB}.Debug|Any CPU.Build.0 = Debug|x86
		{4F474253-8FF9-4DC2-AD36-A039C03872AB}.Debug|Any CPU.Deploy.0 = Debug|x86
		{4F474253-8FF9-4DC2-AD36-A039C03872AB}.Debug|ARM.ActiveCfg = Debug|ARM
		{4F474253-8FF9-4DC2-AD36-A039C03872AB}.Debug|ARM.Build.0 = Debug|ARM
		{4F474253-8FF9-4DC2-AD36-A039C03872AB}.Debug|ARM.Deploy.0 = Debug|ARM
		{4F474253-8FF9-4DC2-AD36-A039C03872AB}.Debug|x64.ActiveCfg = Debug|x64
		{4F474253-8FF9-4DC2-AD36-A039C03872AB}.Debug|x64.Build.0 = Debug|x64
		{4F474253-8FF9-4DC2-AD36-A039C03872AB}.Debug|x64.Deploy.0 = Debug|x64
		{4F474253-8FF9-4DC2-AD36-A039C03872AB}.Debug|x86.ActiveCfg = Debug|x86
		{4F474253-8FF9-4DC2-AD36-A039C03872AB}.Debug|x86.Build.0 = Debug|x86
		{4F474253-8FF9-4DC2-AD36-A039C03872AB}.Debug|x86.Deploy.0 = Debug|x86
		{4F474253-8FF9-4DC2-AD36-A039C03872AB}.Release|Any CPU.ActiveCfg = Release|x86
		{4F474253-8FF9-4DC2-AD36-A039C03872AB}.Release|ARM.ActiveCfg = Release|ARM
		{4F474253-8FF9-4DC2-AD36-A039C03872AB}.Release|ARM.Build.0 = Release|ARM
		{4F474253-8FF9-4DC2-AD36-A039C03872AB}.Release|ARM.Deploy.0 = Release|ARM
		{4F474253-8FF9-4DC2-AD36-A039C03872AB}.Release|x64.ActiveCfg = Release|x64
		{4F474253-8FF9-4DC2-AD36-A039C03872AB}.Release|x64.Build.0 = Release|x64
		{4F474253-8FF9-4DC2-AD36-A039C03872AB}.Release|x64.Deploy.0 = Release|x64
		{4F474253-8FF9-4DC2-AD36-A039C03872AB}.Release|x86.ActiveCfg = Release|x86
		{4F474253-8FF9-4DC2-AD36-A039C03872AB}.Release|x86.Build.0 = Release|x86
		{4F474253-8FF9-4DC2-AD36-A039C03872AB}.Release|x86.Deploy.0 = Release|x86
	EndGlobalSection
	GlobalSection(SolutionProperties) = preSolution
		HideSolutionNode = FALSE
	EndGlobalSection
EndGlobal
